{
  "name": "realize_es6_character",
  "version": "1.0.0",
  "lockfileVersion": 1,
  "requires": true,
  "dependencies": {
    "appoint": {
      "version": "1.1.1",
      "resolved": "http://registry.npm.taobao.org/appoint/download/appoint-1.1.1.tgz",
      "integrity": "sha1-7HJfwUOisjV/W4s4UYzLjWzFUVI="
    }
  }
}
